{
  "pins" : [
    {
      "identity" : "pulse",
      "kind" : "remoteSourceControl",
      "location" : "https://github.com/kean/Pulse.git",
      "state" : {
        "revision" : "14383871aa232bc846d637db45e952adc03d2987",
        "version" : "5.2.1"
      }
    },
    {
      "identity" : "resolver",
      "kind" : "remoteSourceControl",
      "location" : "https://github.com/hmlongco/Resolver",
      "state" : {
        "revision" : "47602af1ac8d7952299fbd0bda3cfbd12cf3a8ca",
        "version" : "1.5.1"
      }
    }
  ],
  "version" : 2
}
